
Microsoft Visual Studio Solution File, Format Version 12.00
# Visual Studio Version 17
VisualStudioVersion = 17.5.002.0
MinimumVisualStudioVersion = 10.0.40219.1
Project("{9A19103F-16F7-4668-BE54-9A1E7A4F7556}") = "DesignPattern", "Program\DesignPattern.csproj", "{D07C197D-F0C0-410B-8D3F-46C93EFBC0D4}"
EndProject
Global
	GlobalSection(SolutionConfigurationPlatforms) = preSolution
		Debug|Any CPU = Debug|Any CPU
		Release|Any CPU = Release|Any CPU
	EndGlobalSection
	GlobalSection(ProjectConfigurationPlatforms) = postSolution
		{D07C197D-F0C0-410B-8D3F-46C93EFBC0D4}.Debug|Any CPU.ActiveCfg = Debug|Any CPU
		{D07C197D-F0C0-410B-8D3F-46C93EFBC0D4}.Debug|Any CPU.Build.0 = Debug|Any CPU
		{D07C197D-F0C0-410B-8D3F-46C93EFBC0D4}.Release|Any CPU.ActiveCfg = Release|Any CPU
		{D07C197D-F0C0-410B-8D3F-46C93EFBC0D4}.Release|Any CPU.Build.0 = Release|Any CPU
	EndGlobalSection
	GlobalSection(SolutionProperties) = preSolution
		HideSolutionNode = FALSE
	EndGlobalSection
	GlobalSection(ExtensibilityGlobals) = postSolution
		SolutionGuid = {DD2330DE-EB02-4B84-9063-57C58439F02B}
	EndGlobalSection
EndGlobal
